
Microsoft Visual Studio Solution File, Format Version 12.00
# Visual Studio 15
Project("{FAE04EC0-301F-11D3-BF4B-00C04F79EFBC}") = "Assembly-CSharp", "Assembly-CSharp.csproj", "{6BB5D5F3-4810-9B10-0C62-A60D9D1924AC}"
EndProject
Global
	GlobalSection(SolutionConfigurationPlatforms) = preSolution
		Debug|Any CPU = Debug|Any CPU
		Release|Any CPU = Release|Any CPU
	EndGlobalSection
	GlobalSection(ProjectConfigurationPlatforms) = postSolution
		{6BB5D5F3-4810-9B10-0C62-A60D9D1924AC}.Debug|Any CPU.ActiveCfg = Debug|Any CPU
		{6BB5D5F3-4810-9B10-0C62-A60D9D1924AC}.Debug|Any CPU.Build.0 = Debug|Any CPU
		{6BB5D5F3-4810-9B10-0C62-A60D9D1924AC}.Release|Any CPU.ActiveCfg = Release|Any CPU
		{6BB5D5F3-4810-9B10-0C62-A60D9D1924AC}.Release|Any CPU.Build.0 = Release|Any CPU
	EndGlobalSection
	GlobalSection(SolutionProperties) = preSolution
		HideSolutionNode = FALSE
	EndGlobalSection
EndGlobal
